
Microsoft Visual Studio Solution File, Format Version 12.00
# Visual Studio Version 17
VisualStudioVersion = 17.1.32414.318
MinimumVisualStudioVersion = 10.0.40219.1
Project("{FAE04EC0-301F-11D3-BF4B-00C04F79EFBC}") = "Notation", "Notation.csproj", "{77C93516-55A2-4DD4-BC5B-2ACCBF8284CD}"
EndProject
Global
	GlobalSection(SolutionConfigurationPlatforms) = preSolution
		Debug|Any CPU = Debug|Any CPU
		Release|Any CPU = Release|Any CPU
	EndGlobalSection
	GlobalSection(ProjectConfigurationPlatforms) = postSolution
		{77C93516-55A2-4DD4-BC5B-2ACCBF8284CD}.Debug|Any CPU.ActiveCfg = Debug|Any CPU
		{77C93516-55A2-4DD4-BC5B-2ACCBF8284CD}.Debug|Any CPU.Build.0 = Debug|Any CPU
		{77C93516-55A2-4DD4-BC5B-2ACCBF8284CD}.Release|Any CPU.ActiveCfg = Release|Any CPU
		{77C93516-55A2-4DD4-BC5B-2ACCBF8284CD}.Release|Any CPU.Build.0 = Release|Any CPU
	EndGlobalSection
	GlobalSection(SolutionProperties) = preSolution
		HideSolutionNode = FALSE
	EndGlobalSection
	GlobalSection(ExtensibilityGlobals) = postSolution
		SolutionGuid = {03C010B5-9134-46A1-8C67-909F8A6CAA99}
	EndGlobalSection
EndGlobal
